// !$*UTF8*$!
{
	archiveVersion = 1;
	classes = {
	};
	objectVersion = 55;
	objects = {

/* Begin PBXBuildFile section */
		EA024799281631240026B3C2 /* DessertListTableViewController.swift in Sources */ = {isa = PBXBuildFile; fileRef = EA024798281631240026B3C2 /* DessertListTableViewController.swift */; };
		EA02479E2816406D0026B3C2 /* DessertTableViewCell.swift in Sources */ = {isa = PBXBuildFile; fileRef = EA02479D2816406C0026B3C2 /* DessertTableViewCell.swift */; };
		EA0247A22816F47D0026B3C2 /* DetailViewController.swift in Sources */ = {isa = PBXBuildFile; fileRef = EA0247A12816F47D0026B3C2 /* DetailViewController.swift */; };
		EA0247A428171E420026B3C2 /* IngredientTableViewCell.swift in Sources */ = {isa = PBXBuildFile; fileRef = EA0247A328171E420026B3C2 /* IngredientTableViewCell.swift */; };
		EA7119722811AF9F00B6E314 /* AppDelegate.swift in Sources */ = {isa = PBXBuildFile; fileRef = EA7119712811AF9F00B6E314 /* AppDelegate.swift */; };
		EA7119742811AF9F00B6E314 /* SceneDelegate.swift in Sources */ = {isa = PBXBuildFile; fileRef = EA7119732811AF9F00B6E314 /* SceneDelegate.swift */; };
		EA7119792811AF9F00B6E314 /* Main.storyboard in Resources */ = {isa = PBXBuildFile; fileRef = EA7119772811AF9F00B6E314 /* Main.storyboard */; };
		EA71197B2811AFB000B6E314 /* Assets.xcassets in Resources */ = {isa = PBXBuildFile; fileRef = EA71197A2811AFB000B6E314 /* Assets.xcassets */; };
		EA71198D2811B10200B6E314 /* Error.swift in Sources */ = {isa = PBXBuildFile; fileRef = EA71198C2811B10200B6E314 /* Error.swift */; };
		EA71198F2811B1B000B6E314 /* Desserts.swift in Sources */ = {isa = PBXBuildFile; fileRef = EA71198E2811B1B000B6E314 /* Desserts.swift */; };
		EA7119912811B3C300B6E314 /* DessertController.swift in Sources */ = {isa = PBXBuildFile; fileRef = EA7119902811B3C300B6E314 /* DessertController.swift */; };
/* End PBXBuildFile section */

/* Begin PBXFileReference section */
		EA024798281631240026B3C2 /* DessertListTableViewController.swift */ = {isa = PBXFileReference; lastKnownFileType = sourcecode.swift; path = DessertListTableViewController.swift; sourceTree = "<group>"; };
		EA02479D2816406C0026B3C2 /* DessertTableViewCell.swift */ = {isa = PBXFileReference; lastKnownFileType = sourcecode.swift; path = DessertTableViewCell.swift; sourceTree = "<group>"; };
		EA0247A12816F47D0026B3C2 /* DetailViewController.swift */ = {isa = PBXFileReference; lastKnownFileType = sourcecode.swift; path = DetailViewController.swift; sourceTree = "<group>"; };
		EA0247A328171E420026B3C2 /* IngredientTableViewCell.swift */ = {isa = PBXFileReference; lastKnownFileType = sourcecode.swift; path = IngredientTableViewCell.swift; sourceTree = "<group>"; };
		EA71196E2811AF9F00B6E314 /* FetchDesserts.app */ = {isa = PBXFileReference; explicitFileType = wrapper.application; includeInIndex = 0; path = FetchDesserts.app; sourceTree = BUILT_PRODUCTS_DIR; };
		EA7119712811AF9F00B6E314 /* AppDelegate.swift */ = {isa = PBXFileReference; lastKnownFileType = sourcecode.swift; path = AppDelegate.swift; sourceTree = "<group>"; };
		EA7119732811AF9F00B6E314 /* SceneDelegate.swift */ = {isa = PBXFileReference; lastKnownFileType = sourcecode.swift; path = SceneDelegate.swift; sourceTree = "<group>"; };
		EA7119782811AF9F00B6E314 /* Base */ = {isa = PBXFileReference; lastKnownFileType = file.storyboard; name = Base; path = Base.lproj/Main.storyboard; sourceTree = "<group>"; };
		EA71197A2811AFB000B6E314 /* Assets.xcassets */ = {isa = PBXFileReference; lastKnownFileType = folder.assetcatalog; path = Assets.xcassets; sourceTree = "<group>"; };
		EA71197F2811AFB000B6E314 /* Info.plist */ = {isa = PBXFileReference; lastKnownFileType = text.plist.xml; path = Info.plist; sourceTree = "<group>"; };
		EA71198C2811B10200B6E314 /* Error.swift */ = {isa = PBXFileReference; lastKnownFileType = sourcecode.swift; path = Error.swift; sourceTree = "<group>"; };
		EA71198E2811B1B000B6E314 /* Desserts.swift */ = {isa = PBXFileReference; lastKnownFileType = sourcecode.swift; path = Desserts.swift; sourceTree = "<group>"; };
		EA7119902811B3C300B6E314 /* DessertController.swift */ = {isa = PBXFileReference; lastKnownFileType = sourcecode.swift; path = DessertController.swift; sourceTree = "<group>"; };
/* End PBXFileReference section */

/* Begin PBXFrameworksBuildPhase section */
		EA71196B2811AF9F00B6E314 /* Frameworks */ = {
			isa = PBXFrameworksBuildPhase;
			buildActionMask = 2147483647;
			files = (
			);
			runOnlyForDeploymentPostprocessing = 0;
		};
/* End PBXFrameworksBuildPhase section */

/* Begin PBXGroup section */
		EA02479C2816404C0026B3C2 /* CustomViews */ = {
			isa = PBXGroup;
			children = (
				EA02479D2816406C0026B3C2 /* DessertTableViewCell.swift */,
				EA0247A328171E420026B3C2 /* IngredientTableViewCell.swift */,
			);
			path = CustomViews;
			sourceTree = "<group>";
		};
		EA7119652811AF9F00B6E314 = {
			isa = PBXGroup;
			children = (
				EA7119702811AF9F00B6E314 /* FetchDesserts */,
				EA71196F2811AF9F00B6E314 /* Products */,
			);
			sourceTree = "<group>";
		};
		EA71196F2811AF9F00B6E314 /* Products */ = {
			isa = PBXGroup;
			children = (
				EA71196E2811AF9F00B6E314 /* FetchDesserts.app */,
			);
			name = Products;
			sourceTree = "<group>";
		};
		EA7119702811AF9F00B6E314 /* FetchDesserts */ = {
			isa = PBXGroup;
			children = (
				EA7119882811B01500B6E314 /* Model */,
				EA7119872811B00000B6E314 /* Controllers */,
				EA7119862811AFE700B6E314 /* Views */,
				EA7119892811B02300B6E314 /* Resources */,
			);
			path = FetchDesserts;
			sourceTree = "<group>";
		};
		EA7119852811AFD300B6E314 /* Storyboard */ = {
			isa = PBXGroup;
			children = (
				EA7119772811AF9F00B6E314 /* Main.storyboard */,
			);
			path = Storyboard;
			sourceTree = "<group>";
		};
		EA7119862811AFE700B6E314 /* Views */ = {
			isa = PBXGroup;
			children = (
				EA02479C2816404C0026B3C2 /* CustomViews */,
				EA7119852811AFD300B6E314 /* Storyboard */,
			);
			path = Views;
			sourceTree = "<group>";
		};
		EA7119872811B00000B6E314 /* Controllers */ = {
			isa = PBXGroup;
			children = (
				EA71198A2811B07000B6E314 /* ViewControllers */,
				EA71198B2811B07D00B6E314 /* ModelControllers */,
			);
			path = Controllers;
			sourceTree = "<group>";
		};
		EA7119882811B01500B6E314 /* Model */ = {
			isa = PBXGroup;
			children = (
				EA71198E2811B1B000B6E314 /* Desserts.swift */,
			);
			path = Model;
			sourceTree = "<group>";
		};
		EA7119892811B02300B6E314 /* Resources */ = {
			isa = PBXGroup;
			children = (
				EA7119732811AF9F00B6E314 /* SceneDelegate.swift */,
				EA7119712811AF9F00B6E314 /* AppDelegate.swift */,
				EA71197A2811AFB000B6E314 /* Assets.xcassets */,
				EA71197F2811AFB000B6E314 /* Info.plist */,
				EA71198C2811B10200B6E314 /* Error.swift */,
			);
			path = Resources;
			sourceTree = "<group>";
		};
		EA71198A2811B07000B6E314 /* ViewControllers */ = {
			isa = PBXGroup;
			children = (
				EA024798281631240026B3C2 /* DessertListTableViewController.swift */,
				EA0247A12816F47D0026B3C2 /* DetailViewController.swift */,
			);
			path = ViewControllers;
			sourceTree = "<group>";
		};
		EA71198B2811B07D00B6E314 /* ModelControllers */ = {
			isa = PBXGroup;
			children = (
				EA7119902811B3C300B6E314 /* DessertController.swift */,
			);
			path = ModelControllers;
			sourceTree = "<group>";
		};
/* End PBXGroup section */

/* Begin PBXNativeTarget section */
		EA71196D2811AF9F00B6E314 /* FetchDesserts */ = {
			isa = PBXNativeTarget;
			buildConfigurationList = EA7119822811AFB000B6E314 /* Build configuration list for PBXNativeTarget "FetchDesserts" */;
			buildPhases = (
				EA71196A2811AF9F00B6E314 /* Sources */,
				EA71196B2811AF9F00B6E314 /* Frameworks */,
				EA71196C2811AF9F00B6E314 /* Resources */,
			);
			buildRules = (
			);
			dependencies = (
			);
			name = FetchDesserts;
			productName = FetchDesserts;
			productReference = EA71196E2811AF9F00B6E314 /* FetchDesserts.app */;
			productType = "com.apple.product-type.application";
		};
/* End PBXNativeTarget section */

/* Begin PBXProject section */
		EA7119662811AF9F00B6E314 /* Project object */ = {
			isa = PBXProject;
			attributes = {
				BuildIndependentTargetsInParallel = 1;
				LastSwiftUpdateCheck = 1320;
				LastUpgradeCheck = 1320;
				TargetAttributes = {
					EA71196D2811AF9F00B6E314 = {
						CreatedOnToolsVersion = 13.2.1;
					};
				};
			};
			buildConfigurationList = EA7119692811AF9F00B6E314 /* Build configuration list for PBXProject "FetchDesserts" */;
			compatibilityVersion = "Xcode 13.0";
			developmentRegion = en;
			hasScannedForEncodings = 0;
			knownRegions = (
				en,
				Base,
			);
			mainGroup = EA7119652811AF9F00B6E314;
			productRefGroup = EA71196F2811AF9F00B6E314 /* Products */;
			projectDirPath = "";
			projectRoot = "";
			targets = (
				EA71196D2811AF9F00B6E314 /* FetchDesserts */,
			);
		};
/* End PBXProject section */

/* Begin PBXResourcesBuildPhase section */
		EA71196C2811AF9F00B6E314 /* Resources */ = {
			isa = PBXResourcesBuildPhase;
			buildActionMask = 2147483647;
			files = (
				EA71197B2811AFB000B6E314 /* Assets.xcassets in Resources */,
				EA7119792811AF9F00B6E314 /* Main.storyboard in Resources */,
			);
			runOnlyForDeploymentPostprocessing = 0;
		};
/* End PBXResourcesBuildPhase section */

/* Begin PBXSourcesBuildPhase section */
		EA71196A2811AF9F00B6E314 /* Sources */ = {
			isa = PBXSourcesBuildPhase;
			buildActionMask = 2147483647;
			files = (
				EA71198F2811B1B000B6E314 /* Desserts.swift in Sources */,
				EA71198D2811B10200B6E314 /* Error.swift in Sources */,
				EA7119722811AF9F00B6E314 /* AppDelegate.swift in Sources */,
				EA02479E2816406D0026B3C2 /* DessertTableViewCell.swift in Sources */,
				EA024799281631240026B3C2 /* DessertListTableViewController.swift in Sources */,
				EA7119912811B3C300B6E314 /* DessertController.swift in Sources */,
				EA7119742811AF9F00B6E314 /* SceneDelegate.swift in Sources */,
				EA0247A22816F47D0026B3C2 /* DetailViewController.swift in Sources */,
				EA0247A428171E420026B3C2 /* IngredientTableViewCell.swift in Sources */,
			);
			runOnlyForDeploymentPostprocessing = 0;
		};
/* End PBXSourcesBuildPhase section */

/* Begin PBXVariantGroup section */
		EA7119772811AF9F00B6E314 /* Main.storyboard */ = {
			isa = PBXVariantGroup;
			children = (
				EA7119782811AF9F00B6E314 /* Base */,
			);
			name = Main.storyboard;
			sourceTree = "<group>";
		};
/* End PBXVariantGroup section */

/* Begin XCBuildConfiguration section */
		EA7119802811AFB000B6E314 /* Debug */ = {
			isa = XCBuildConfiguration;
			buildSettings = {
				ALWAYS_SEARCH_USER_PATHS = NO;
				CLANG_ANALYZER_NONNULL = YES;
				CLANG_ANALYZER_NUMBER_OBJECT_CONVERSION = YES_AGGRESSIVE;
				CLANG_CXX_LANGUAGE_STANDARD = "gnu++17";
				CLANG_ENABLE_MODULES = YES;
				CLANG_ENABLE_OBJC_ARC = YES;
				CLANG_ENABLE_OBJC_WEAK = YES;
				CLANG_WARN_BLOCK_CAPTURE_AUTORELEASING = YES;
				CLANG_WARN_BOOL_CONVERSION = YES;
				CLANG_WARN_COMMA = YES;
				CLANG_WARN_CONSTANT_CONVERSION = YES;
				CLANG_WARN_DEPRECATED_OBJC_IMPLEMENTATIONS = YES;
				CLANG_WARN_DIRECT_OBJC_ISA_USAGE = YES_ERROR;
				CLANG_WARN_DOCUMENTATION_COMMENTS = YES;
				CLANG_WARN_EMPTY_BODY = YES;
				CLANG_WARN_ENUM_CONVERSION = YES;
				CLANG_WARN_INFINITE_RECURSION = YES;
				CLANG_WARN_INT_CONVERSION = YES;
				CLANG_WARN_NON_LITERAL_NULL_CONVERSION = YES;
				CLANG_WARN_OBJC_IMPLICIT_RETAIN_SELF = YES;
				CLANG_WARN_OBJC_LITERAL_CONVERSION = YES;
				CLANG_WARN_OBJC_ROOT_CLASS = YES_ERROR;
				CLANG_WARN_QUOTED_INCLUDE_IN_FRAMEWORK_HEADER = YES;
				CLANG_WARN_RANGE_LOOP_ANALYSIS = YES;
				CLANG_WARN_STRICT_PROTOTYPES = YES;
				CLANG_WARN_SUSPICIOUS_MOVE = YES;
				CLANG_WARN_UNGUARDED_AVAILABILITY = YES_AGGRESSIVE;
				CLANG_WARN_UNREACHABLE_CODE = YES;
				CLANG_WARN__DUPLICATE_METHOD_MATCH = YES;
				COPY_PHASE_STRIP = NO;
				DEBUG_INFORMATION_FORMAT = dwarf;
				ENABLE_STRICT_OBJC_MSGSEND = YES;
				ENABLE_TESTABILITY = YES;
				GCC_C_LANGUAGE_STANDARD = gnu11;
				GCC_DYNAMIC_NO_PIC = NO;
				GCC_NO_COMMON_BLOCKS = YES;
				GCC_OPTIMIZATION_LEVEL = 0;
				GCC_PREPROCESSOR_DEFINITIONS = (
					"DEBUG=1",
					"$(inherited)",
				);
				GCC_WARN_64_TO_32_BIT_CONVERSION = YES;
				GCC_WARN_ABOUT_RETURN_TYPE = YES_ERROR;
				GCC_WARN_UNDECLARED_SELECTOR = YES;
				GCC_WARN_UNINITIALIZED_AUTOS = YES_AGGRESSIVE;
				GCC_WARN_UNUSED_FUNCTION = YES;
				GCC_WARN_UNUSED_VARIABLE = YES;
				IPHONEOS_DEPLOYMENT_TARGET = 15.2;
				MTL_ENABLE_DEBUG_INFO = INCLUDE_SOURCE;
				MTL_FAST_MATH = YES;
				ONLY_ACTIVE_ARCH = YES;
				SDKROOT = iphoneos;
				SWIFT_ACTIVE_COMPILATION_CONDITIONS = DEBUG;
				SWIFT_OPTIMIZATION_LEVEL = "-Onone";
			};
			name = Debug;
		};
		EA7119812811AFB000B6E314 /* Release */ = {
			isa = XCBuildConfiguration;
			buildSettings = {
				ALWAYS_SEARCH_USER_PATHS = NO;
				CLANG_ANALYZER_NONNULL = YES;
				CLANG_ANALYZER_NUMBER_OBJECT_CONVERSION = YES_AGGRESSIVE;
				CLANG_CXX_LANGUAGE_STANDARD = "gnu++17";
				CLANG_ENABLE_MODULES = YES;
				CLANG_ENABLE_OBJC_ARC = YES;
				CLANG_ENABLE_OBJC_WEAK = YES;
				CLANG_WARN_BLOCK_CAPTURE_AUTORELEASING = YES;
				CLANG_WARN_BOOL_CONVERSION = YES;
				CLANG_WARN_COMMA = YES;
				CLANG_WARN_CONSTANT_CONVERSION = YES;
				CLANG_WARN_DEPRECATED_OBJC_IMPLEMENTATIONS = YES;
				CLANG_WARN_DIRECT_OBJC_ISA_USAGE = YES_ERROR;
				CLANG_WARN_DOCUMENTATION_COMMENTS = YES;
				CLANG_WARN_EMPTY_BODY = YES;
				CLANG_WARN_ENUM_CONVERSION = YES;
				CLANG_WARN_INFINITE_RECURSION = YES;
				CLANG_WARN_INT_CONVERSION = YES;
				CLANG_WARN_NON_LITERAL_NULL_CONVERSION = YES;
				CLANG_WARN_OBJC_IMPLICIT_RETAIN_SELF = YES;
				CLANG_WARN_OBJC_LITERAL_CONVERSION = YES;
				CLANG_WARN_OBJC_ROOT_CLASS = YES_ERROR;
				CLANG_WARN_QUOTED_INCLUDE_IN_FRAMEWORK_HEADER = YES;
				CLANG_WARN_RANGE_LOOP_ANALYSIS = YES;
				CLANG_WARN_STRICT_PROTOTYPES = YES;
				CLANG_WARN_SUSPICIOUS_MOVE = YES;
				CLANG_WARN_UNGUARDED_AVAILABILITY = YES_AGGRESSIVE;
				CLANG_WARN_UNREACHABLE_CODE = YES;
				CLANG_WARN__DUPLICATE_METHOD_MATCH = YES;
				COPY_PHASE_STRIP = NO;
				DEBUG_INFORMATION_FORMAT = "dwarf-with-dsym";
				ENABLE_NS_ASSERTIONS = NO;
				ENABLE_STRICT_OBJC_MSGSEND = YES;
				GCC_C_LANGUAGE_STANDARD = gnu11;
				GCC_NO_COMMON_BLOCKS = YES;
				GCC_WARN_64_TO_32_BIT_CONVERSION = YES;
				GCC_WARN_ABOUT_RETURN_TYPE = YES_ERROR;
				GCC_WARN_UNDECLARED_SELECTOR = YES;
				GCC_WARN_UNINITIALIZED_AUTOS = YES_AGGRESSIVE;
				GCC_WARN_UNUSED_FUNCTION = YES;
				GCC_WARN_UNUSED_VARIABLE = YES;
				IPHONEOS_DEPLOYMENT_TARGET = 15.2;
				MTL_ENABLE_DEBUG_INFO = NO;
				MTL_FAST_MATH = YES;
				SDKROOT = iphoneos;
				SWIFT_COMPILATION_MODE = wholemodule;
				SWIFT_OPTIMIZATION_LEVEL = "-O";
				VALIDATE_PRODUCT = YES;
			};
			name = Release;
		};
		EA7119832811AFB000B6E314 /* Debug */ = {
			isa = XCBuildConfiguration;
			buildSettings = {
				ASSETCATALOG_COMPILER_APPICON_NAME = AppIcon;
				ASSETCATALOG_COMPILER_GLOBAL_ACCENT_COLOR_NAME = AccentColor;
				CODE_SIGN_STYLE = Automatic;
				CURRENT_PROJECT_VERSION = 1;
				DEVELOPMENT_TEAM = SP8PT7VLP6;
				ENABLE_HARDENED_RUNTIME = YES;
				GENERATE_INFOPLIST_FILE = YES;
				INFOPLIST_FILE = FetchDesserts/Resources/Info.plist;
				INFOPLIST_KEY_UIApplicationSupportsIndirectInputEvents = YES;
				INFOPLIST_KEY_UILaunchStoryboardName = LaunchScreen;
				INFOPLIST_KEY_UIMainStoryboardFile = Main;
				INFOPLIST_KEY_UISupportedInterfaceOrientations_iPad = "UIInterfaceOrientationPortrait UIInterfaceOrientationPortraitUpsideDown UIInterfaceOrientationLandscapeLeft UIInterfaceOrientationLandscapeRight";
				INFOPLIST_KEY_UISupportedInterfaceOrientations_iPhone = "UIInterfaceOrientationPortrait UIInterfaceOrientationLandscapeLeft UIInterfaceOrientationLandscapeRight";
				LD_RUNPATH_SEARCH_PATHS = (
					"$(inherited)",
					"@executable_path/Frameworks",
				);
				MARKETING_VERSION = 1.0;
				PRODUCT_BUNDLE_IDENTIFIER = com.GavinWoffinden.FetchDesserts;
				PRODUCT_NAME = "$(TARGET_NAME)";
				SWIFT_EMIT_LOC_STRINGS = YES;
				SWIFT_VERSION = 5.0;
				TARGETED_DEVICE_FAMILY = "1,2";
			};
			name = Debug;
		};
		EA7119842811AFB000B6E314 /* Release */ = {
			isa = XCBuildConfiguration;
			buildSettings = {
				ASSETCATALOG_COMPILER_APPICON_NAME = AppIcon;
				ASSETCATALOG_COMPILER_GLOBAL_ACCENT_COLOR_NAME = AccentColor;
				CODE_SIGN_STYLE = Automatic;
				CURRENT_PROJECT_VERSION = 1;
				DEVELOPMENT_TEAM = SP8PT7VLP6;
				ENABLE_HARDENED_RUNTIME = YES;
				GENERATE_INFOPLIST_FILE = YES;
				INFOPLIST_FILE = FetchDesserts/Resources/Info.plist;
				INFOPLIST_KEY_UIApplicationSupportsIndirectInputEvents = YES;
				INFOPLIST_KEY_UILaunchStoryboardName = LaunchScreen;
				INFOPLIST_KEY_UIMainStoryboardFile = Main;
				INFOPLIST_KEY_UISupportedInterfaceOrientations_iPad = "UIInterfaceOrientationPortrait UIInterfaceOrientationPortraitUpsideDown UIInterfaceOrientationLandscapeLeft UIInterfaceOrientationLandscapeRight";
				INFOPLIST_KEY_UISupportedInterfaceOrientations_iPhone = "UIInterfaceOrientationPortrait UIInterfaceOrientationLandscapeLeft UIInterfaceOrientationLandscapeRight";
				LD_RUNPATH_SEARCH_PATHS = (
					"$(inherited)",
					"@executable_path/Frameworks",
				);
				MARKETING_VERSION = 1.0;
				PRODUCT_BUNDLE_IDENTIFIER = com.GavinWoffinden.FetchDesserts;
				PRODUCT_NAME = "$(TARGET_NAME)";
				SWIFT_EMIT_LOC_STRINGS = YES;
				SWIFT_VERSION = 5.0;
				TARGETED_DEVICE_FAMILY = "1,2";
			};
			name = Release;
		};
/* End XCBuildConfiguration section */

/* Begin XCConfigurationList section */
		EA7119692811AF9F00B6E314 /* Build configuration list for PBXProject "FetchDesserts" */ = {
			isa = XCConfigurationList;
			buildConfigurations = (
				EA7119802811AFB000B6E314 /* Debug */,
				EA7119812811AFB000B6E314 /* Release */,
			);
			defaultConfigurationIsVisible = 0;
			defaultConfigurationName = Release;
		};
		EA7119822811AFB000B6E314 /* Build configuration list for PBXNativeTarget "FetchDesserts" */ = {
			isa = XCConfigurationList;
			buildConfigurations = (
				EA7119832811AFB000B6E314 /* Debug */,
				EA7119842811AFB000B6E314 /* Release */,
			);
			defaultConfigurationIsVisible = 0;
			defaultConfigurationName = Release;
		};
/* End XCConfigurationList section */
	};
	rootObject = EA7119662811AF9F00B6E314 /* Project object */;
}
